
Microsoft Visual Studio Solution File, Format Version 12.00
# Visual Studio 15
VisualStudioVersion = 15.0.27130.2027
MinimumVisualStudioVersion = 10.0.40219.1
Project("{9A19103F-16F7-4668-BE54-9A1E7A4F7556}") = "ConsoleApp", "ConsoleApp\ConsoleApp.csproj", "{65E279AF-CC9D-4087-B619-7FCD4762C0EA}"
EndProject
Project("{2150E333-8FDC-42A3-9474-1A3956D46DE8}") = "Solution Items", "Solution Items", "{F44ABE0F-9809-4B89-9DAB-78EB6BEF71E4}"
	ProjectSection(SolutionItems) = preProject
		Original LaTeX Food File.xml = Original LaTeX Food File.xml
	EndProjectSection
EndProject
Global
	GlobalSection(SolutionConfigurationPlatforms) = preSolution
		Debug|Any CPU = Debug|Any CPU
		Release|Any CPU = Release|Any CPU
	EndGlobalSection
	GlobalSection(ProjectConfigurationPlatforms) = postSolution
		{65E279AF-CC9D-4087-B619-7FCD4762C0EA}.Debug|Any CPU.ActiveCfg = Debug|Any CPU
		{65E279AF-CC9D-4087-B619-7FCD4762C0EA}.Debug|Any CPU.Build.0 = Debug|Any CPU
		{65E279AF-CC9D-4087-B619-7FCD4762C0EA}.Release|Any CPU.ActiveCfg = Release|Any CPU
		{65E279AF-CC9D-4087-B619-7FCD4762C0EA}.Release|Any CPU.Build.0 = Release|Any CPU
	EndGlobalSection
	GlobalSection(SolutionProperties) = preSolution
		HideSolutionNode = FALSE
	EndGlobalSection
	GlobalSection(ExtensibilityGlobals) = postSolution
		SolutionGuid = {5769FFDD-2B49-4EAE-A466-9C5D85433D31}
	EndGlobalSection
EndGlobal
